
Microsoft Visual Studio Solution File, Format Version 12.00
# Visual Studio Version 16
VisualStudioVersion = 16.0.31321.278
MinimumVisualStudioVersion = 10.0.40219.1
Project("{2150E333-8FDC-42A3-9474-1A3956D46DE8}") = "Web", "Web", "{A295E9C9-C661-478C-9C30-758A8EA11E69}"
EndProject
Project("{2150E333-8FDC-42A3-9474-1A3956D46DE8}") = "Client", "Client", "{0447CA43-8EE9-4ACE-B68A-46CDCB2CBCD9}"
EndProject
Project("{9A19103F-16F7-4668-BE54-9A1E7A4F7556}") = "Client.Infrastructure", "Client.Infrastructure\Client.Infrastructure.csproj", "{1ABB3355-410A-4A18-A18D-3B19C21631CB}"
EndProject
Project("{2150E333-8FDC-42A3-9474-1A3956D46DE8}") = "Shared", "Shared", "{7D0EDFAE-4663-427E-8C71-78E3E21E3D40}"
EndProject
Project("{9A19103F-16F7-4668-BE54-9A1E7A4F7556}") = "Shared", "Shared\Shared.csproj", "{9C450F44-CDF3-462E-B83D-C67D39091954}"
EndProject
Project("{9A19103F-16F7-4668-BE54-9A1E7A4F7556}") = "Client", "Client\Client.csproj", "{29C1F7B9-A1F9-4021-B051-7BE6C099D613}"
EndProject
Project("{2150E333-8FDC-42A3-9474-1A3956D46DE8}") = "Core", "Core", "{AA2047F1-1146-4854-9B9C-4781CEF6E775}"
EndProject
Project("{2150E333-8FDC-42A3-9474-1A3956D46DE8}") = "Infrastructure", "Infrastructure", "{3EFB1B21-2204-403B-ADCD-0D339134FCCF}"
EndProject
Project("{9A19103F-16F7-4668-BE54-9A1E7A4F7556}") = "Infrastructure", "Infrastructure\Infrastructure.csproj", "{B1DB2204-BBD1-4DAD-9076-17527F762FC9}"
EndProject
Project("{9A19103F-16F7-4668-BE54-9A1E7A4F7556}") = "Infrastructure.Shared", "Infrastructure.Shared\Infrastructure.Shared.csproj", "{BB799CCF-54AC-4A16-BE6B-A700E705FF2E}"
EndProject
Project("{9A19103F-16F7-4668-BE54-9A1E7A4F7556}") = "Application", "Applications\Application.csproj", "{9BC5BE22-5AEB-4D37-B06B-0D91AEDDBED6}"
EndProject
Project("{9A19103F-16F7-4668-BE54-9A1E7A4F7556}") = "Domain", "Domain\Domain.csproj", "{217C5F56-5E8C-43D7-94EC-F4511AB43712}"
EndProject
Project("{2150E333-8FDC-42A3-9474-1A3956D46DE8}") = "Server", "Server", "{07B91F2F-2A4B-4577-98ED-F0A9FAA0088F}"
EndProject
Project("{9A19103F-16F7-4668-BE54-9A1E7A4F7556}") = "Server", "Server\Server.csproj", "{E6140545-1B9B-4A54-BA2F-922A5729B877}"
EndProject
Global
	GlobalSection(SolutionConfigurationPlatforms) = preSolution
		Debug|Any CPU = Debug|Any CPU
		Release|Any CPU = Release|Any CPU
	EndGlobalSection
	GlobalSection(ProjectConfigurationPlatforms) = postSolution
		{1ABB3355-410A-4A18-A18D-3B19C21631CB}.Debug|Any CPU.ActiveCfg = Debug|Any CPU
		{1ABB3355-410A-4A18-A18D-3B19C21631CB}.Debug|Any CPU.Build.0 = Debug|Any CPU
		{1ABB3355-410A-4A18-A18D-3B19C21631CB}.Release|Any CPU.ActiveCfg = Release|Any CPU
		{1ABB3355-410A-4A18-A18D-3B19C21631CB}.Release|Any CPU.Build.0 = Release|Any CPU
		{9C450F44-CDF3-462E-B83D-C67D39091954}.Debug|Any CPU.ActiveCfg = Debug|Any CPU
		{9C450F44-CDF3-462E-B83D-C67D39091954}.Debug|Any CPU.Build.0 = Debug|Any CPU
		{9C450F44-CDF3-462E-B83D-C67D39091954}.Release|Any CPU.ActiveCfg = Release|Any CPU
		{9C450F44-CDF3-462E-B83D-C67D39091954}.Release|Any CPU.Build.0 = Release|Any CPU
		{29C1F7B9-A1F9-4021-B051-7BE6C099D613}.Debug|Any CPU.ActiveCfg = Debug|Any CPU
		{29C1F7B9-A1F9-4021-B051-7BE6C099D613}.Debug|Any CPU.Build.0 = Debug|Any CPU
		{29C1F7B9-A1F9-4021-B051-7BE6C099D613}.Release|Any CPU.ActiveCfg = Release|Any CPU
		{29C1F7B9-A1F9-4021-B051-7BE6C099D613}.Release|Any CPU.Build.0 = Release|Any CPU
		{B1DB2204-BBD1-4DAD-9076-17527F762FC9}.Debug|Any CPU.ActiveCfg = Debug|Any CPU
		{B1DB2204-BBD1-4DAD-9076-17527F762FC9}.Debug|Any CPU.Build.0 = Debug|Any CPU
		{B1DB2204-BBD1-4DAD-9076-17527F762FC9}.Release|Any CPU.ActiveCfg = Release|Any CPU
		{B1DB2204-BBD1-4DAD-9076-17527F762FC9}.Release|Any CPU.Build.0 = Release|Any CPU
		{BB799CCF-54AC-4A16-BE6B-A700E705FF2E}.Debug|Any CPU.ActiveCfg = Debug|Any CPU
		{BB799CCF-54AC-4A16-BE6B-A700E705FF2E}.Debug|Any CPU.Build.0 = Debug|Any CPU
		{BB799CCF-54AC-4A16-BE6B-A700E705FF2E}.Release|Any CPU.ActiveCfg = Release|Any CPU
		{BB799CCF-54AC-4A16-BE6B-A700E705FF2E}.Release|Any CPU.Build.0 = Release|Any CPU
		{9BC5BE22-5AEB-4D37-B06B-0D91AEDDBED6}.Debug|Any CPU.ActiveCfg = Debug|Any CPU
		{9BC5BE22-5AEB-4D37-B06B-0D91AEDDBED6}.Debug|Any CPU.Build.0 = Debug|Any CPU
		{9BC5BE22-5AEB-4D37-B06B-0D91AEDDBED6}.Release|Any CPU.ActiveCfg = Release|Any CPU
		{9BC5BE22-5AEB-4D37-B06B-0D91AEDDBED6}.Release|Any CPU.Build.0 = Release|Any CPU
		{217C5F56-5E8C-43D7-94EC-F4511AB43712}.Debug|Any CPU.ActiveCfg = Debug|Any CPU
		{217C5F56-5E8C-43D7-94EC-F4511AB43712}.Debug|Any CPU.Build.0 = Debug|Any CPU
		{217C5F56-5E8C-43D7-94EC-F4511AB43712}.Release|Any CPU.ActiveCfg = Release|Any CPU
		{217C5F56-5E8C-43D7-94EC-F4511AB43712}.Release|Any CPU.Build.0 = Release|Any CPU
		{E6140545-1B9B-4A54-BA2F-922A5729B877}.Debug|Any CPU.ActiveCfg = Debug|Any CPU
		{E6140545-1B9B-4A54-BA2F-922A5729B877}.Debug|Any CPU.Build.0 = Debug|Any CPU
		{E6140545-1B9B-4A54-BA2F-922A5729B877}.Release|Any CPU.ActiveCfg = Release|Any CPU
		{E6140545-1B9B-4A54-BA2F-922A5729B877}.Release|Any CPU.Build.0 = Release|Any CPU
	EndGlobalSection
	GlobalSection(SolutionProperties) = preSolution
		HideSolutionNode = FALSE
	EndGlobalSection
	GlobalSection(NestedProjects) = preSolution
		{0447CA43-8EE9-4ACE-B68A-46CDCB2CBCD9} = {A295E9C9-C661-478C-9C30-758A8EA11E69}
		{1ABB3355-410A-4A18-A18D-3B19C21631CB} = {0447CA43-8EE9-4ACE-B68A-46CDCB2CBCD9}
		{9C450F44-CDF3-462E-B83D-C67D39091954} = {7D0EDFAE-4663-427E-8C71-78E3E21E3D40}
		{29C1F7B9-A1F9-4021-B051-7BE6C099D613} = {0447CA43-8EE9-4ACE-B68A-46CDCB2CBCD9}
		{B1DB2204-BBD1-4DAD-9076-17527F762FC9} = {3EFB1B21-2204-403B-ADCD-0D339134FCCF}
		{BB799CCF-54AC-4A16-BE6B-A700E705FF2E} = {3EFB1B21-2204-403B-ADCD-0D339134FCCF}
		{9BC5BE22-5AEB-4D37-B06B-0D91AEDDBED6} = {AA2047F1-1146-4854-9B9C-4781CEF6E775}
		{217C5F56-5E8C-43D7-94EC-F4511AB43712} = {AA2047F1-1146-4854-9B9C-4781CEF6E775}
		{07B91F2F-2A4B-4577-98ED-F0A9FAA0088F} = {A295E9C9-C661-478C-9C30-758A8EA11E69}
		{E6140545-1B9B-4A54-BA2F-922A5729B877} = {07B91F2F-2A4B-4577-98ED-F0A9FAA0088F}
	EndGlobalSection
	GlobalSection(ExtensibilityGlobals) = postSolution
		SolutionGuid = {02150A16-FC68-46D8-90EC-3F5955A5BB89}
	EndGlobalSection
EndGlobal
